
Microsoft Visual Studio Solution File, Format Version 12.00
# Visual Studio Version 17
VisualStudioVersion = 17.14.36401.2 d17.14
MinimumVisualStudioVersion = 10.0.40219.1
Project("{FAE04EC0-301F-11D3-BF4B-00C04F79EFBC}") = "TerraMarcadaV2", "TerraMarcadaV2.csproj", "{B80615B7-A9D1-4119-A45E-6849284A8E00}"
EndProject
Global
	GlobalSection(SolutionConfigurationPlatforms) = preSolution
		Debug|Any CPU = Debug|Any CPU
		Release|Any CPU = Release|Any CPU
	EndGlobalSection
	GlobalSection(ProjectConfigurationPlatforms) = postSolution
		{B80615B7-A9D1-4119-A45E-6849284A8E00}.Debug|Any CPU.ActiveCfg = Debug|Any CPU
		{B80615B7-A9D1-4119-A45E-6849284A8E00}.Debug|Any CPU.Build.0 = Debug|Any CPU
		{B80615B7-A9D1-4119-A45E-6849284A8E00}.Release|Any CPU.ActiveCfg = Release|Any CPU
		{B80615B7-A9D1-4119-A45E-6849284A8E00}.Release|Any CPU.Build.0 = Release|Any CPU
	EndGlobalSection
	GlobalSection(SolutionProperties) = preSolution
		HideSolutionNode = FALSE
	EndGlobalSection
	GlobalSection(ExtensibilityGlobals) = postSolution
		SolutionGuid = {C34DCE6B-5BD8-4B15-AA05-C7633E82F381}
	EndGlobalSection
EndGlobal
